
Microsoft Visual Studio Solution File, Format Version 12.00
# Visual Studio 15
VisualStudioVersion = 15.0.27703.2042
MinimumVisualStudioVersion = 10.0.40219.1
Project("{FAE04EC0-301F-11D3-BF4B-00C04F79EFBC}") = "AutoBackup", "AutoBackup\AutoBackup.csproj", "{12D0A1D1-555B-412F-BCE9-472A4CDEA08F}"
EndProject
Global
	GlobalSection(SolutionConfigurationPlatforms) = preSolution
		Debug|Any CPU = Debug|Any CPU
		Release|Any CPU = Release|Any CPU
	EndGlobalSection
	GlobalSection(ProjectConfigurationPlatforms) = postSolution
		{12D0A1D1-555B-412F-BCE9-472A4CDEA08F}.Debug|Any CPU.ActiveCfg = Debug|Any CPU
		{12D0A1D1-555B-412F-BCE9-472A4CDEA08F}.Debug|Any CPU.Build.0 = Debug|Any CPU
		{12D0A1D1-555B-412F-BCE9-472A4CDEA08F}.Release|Any CPU.ActiveCfg = Release|Any CPU
		{12D0A1D1-555B-412F-BCE9-472A4CDEA08F}.Release|Any CPU.Build.0 = Release|Any CPU
	EndGlobalSection
	GlobalSection(SolutionProperties) = preSolution
		HideSolutionNode = FALSE
	EndGlobalSection
	GlobalSection(ExtensibilityGlobals) = postSolution
		SolutionGuid = {AFBFA3B5-D7B3-4AFF-90C9-622C3B10BE51}
	EndGlobalSection
EndGlobal
